
Microsoft Visual Studio Solution File, Format Version 12.00
Project("{2150E333-8FDC-42A3-9474-1A3956D46DE8}") = "root", "root", "{3ED30721-C3B5-4038-A2C2-6D0ACF47B041}"
	ProjectSection(SolutionItems) = preProject
		.editorconfig = .editorconfig
		.gitattributes = .gitattributes
		.gitignore = .gitignore
		Directory.Build.props = Directory.Build.props
		Directory.Packages.props = Directory.Packages.props
		NuGet.config = NuGet.config
		README.md = README.md
	EndProjectSection
EndProject
Project("{2150E333-8FDC-42A3-9474-1A3956D46DE8}") = "src", "src", "{52ACBFAA-6DE2-4E64-987B-4298C56509A1}"
EndProject
Project("{2150E333-8FDC-42A3-9474-1A3956D46DE8}") = "tests", "tests", "{C1EDAEDF-48FF-49BD-8E8D-80341178897F}"
EndProject
Project("{FAE04EC0-301F-11D3-BF4B-00C04F79EFBC}") = "UnitTests", "tests\UnitTests\UnitTests.csproj", "{D7838714-CD42-437B-A3EF-BDF326847BA9}"
EndProject
Project("{FAE04EC0-301F-11D3-BF4B-00C04F79EFBC}") = "IntegrationTests", "tests\IntegrationTests\IntegrationTests.csproj", "{7349A0D4-572A-49D2-AA27-D7329E208460}"
EndProject
Project("{2150E333-8FDC-42A3-9474-1A3956D46DE8}") = "Common", "Common", "{CD69185B-571F-4A7D-BE1F-B648CCB1D552}"
EndProject
Project("{FAE04EC0-301F-11D3-BF4B-00C04F79EFBC}") = "Autofixture", "src\Autofixture\Autofixture.csproj", "{9C9BE352-652F-4B89-94E9-A2133E3F7EF8}"
EndProject
Project("{FAE04EC0-301F-11D3-BF4B-00C04F79EFBC}") = "Entities", "src\Entities\Entities.csproj", "{5920CCF6-162E-4362-81D7-F0A9BF7D349B}"
EndProject
Project("{FAE04EC0-301F-11D3-BF4B-00C04F79EFBC}") = "Utilities", "src\Utilities\Utilities.csproj", "{E18C4A4F-5697-45AB-96A7-FCBC6C90CFEC}"
EndProject
Project("{FAE04EC0-301F-11D3-BF4B-00C04F79EFBC}") = "EntityFramework", "src\EntityFramework\EntityFramework.csproj", "{D39798B3-20E8-4A51-B76D-359CD091CA59}"
EndProject
Project("{FAE04EC0-301F-11D3-BF4B-00C04F79EFBC}") = "Extensions", "src\Extensions\Extensions.csproj", "{F0EB648A-148E-4668-A6BA-0DDA209910C2}"
EndProject
Project("{FAE04EC0-301F-11D3-BF4B-00C04F79EFBC}") = "Logging", "src\Logging\Logging.csproj", "{4EB7D327-6427-4360-9106-F47F1DB68E1C}"
EndProject
Project("{FAE04EC0-301F-11D3-BF4B-00C04F79EFBC}") = "AspNetCore", "src\AspNetCore\AspNetCore.csproj", "{F3983919-78EA-4ACA-A93D-9B1F2530344D}"
EndProject
Project("{FAE04EC0-301F-11D3-BF4B-00C04F79EFBC}") = "Domain", "src\Domain\Domain.csproj", "{A530D1A1-5C62-4212-8A97-2DE23E391170}"
EndProject
Project("{FAE04EC0-301F-11D3-BF4B-00C04F79EFBC}") = "Application", "src\Application\Application.csproj", "{BBC1A414-A783-446D-BA0D-4717CF2BC1B3}"
EndProject
Project("{FAE04EC0-301F-11D3-BF4B-00C04F79EFBC}") = "Data", "src\Data\Data.csproj", "{B271B88A-71DF-46BB-A5F8-85F15BAEFF33}"
EndProject
Project("{FAE04EC0-301F-11D3-BF4B-00C04F79EFBC}") = "Contracts", "src\Contracts\Contracts.csproj", "{9A390B5C-C84C-479F-91BC-020E987769EF}"
EndProject
Project("{FAE04EC0-301F-11D3-BF4B-00C04F79EFBC}") = "Clients", "src\Clients\Clients.csproj", "{18F9E964-1A41-447B-A4B6-B6B111D916A8}"
EndProject
Project("{FAE04EC0-301F-11D3-BF4B-00C04F79EFBC}") = "Host", "src\Host\Host.csproj", "{A970E04A-0FD1-4EDB-8AC5-A1D7F62EE867}"
EndProject
Project("{FAE04EC0-301F-11D3-BF4B-00C04F79EFBC}") = "Web", "src\Web\Web.csproj", "{DF61DB29-6554-405B-BCE3-8EB202A81824}"
EndProject
Project("{FAE04EC0-301F-11D3-BF4B-00C04F79EFBC}") = "NukeBuild", "src\NukeBuild\NukeBuild.csproj", "{ECD76EA1-67B7-40AD-8574-648F9D3BEA47}"
EndProject
Project("{9A19103F-16F7-4668-BE54-9A1E7A4F7556}") = "Build", "build\Build.csproj", "{2F976AA6-F651-4D41-AB35-D7ACF151BF23}"
EndProject
Project("{2150E333-8FDC-42A3-9474-1A3956D46DE8}") = "build", "build", "{40223A0E-22C5-4390-91DC-FCC37826A86E}"
	ProjectSection(SolutionItems) = preProject
		build\build.schema.json = build\build.schema.json
		.nuke\parameters.json = .nuke\parameters.json
	EndProjectSection
EndProject
Project("{FAE04EC0-301F-11D3-BF4B-00C04F79EFBC}") = "RabbitMQ", "src\RabbitMQ\RabbitMQ.csproj", "{00CCCBFD-C3E3-4324-888E-5B3C247718C6}"
EndProject
Project("{FAE04EC0-301F-11D3-BF4B-00C04F79EFBC}") = "RabbitMQ.Contracts", "src\RabbitMQ.Contracts\RabbitMQ.Contracts.csproj", "{3DDF93B9-35D6-422A-931A-88923D7FAB34}"
EndProject
Project("{FAE04EC0-301F-11D3-BF4B-00C04F79EFBC}") = "HostJobs", "src\HostJobs\HostJobs.csproj", "{13EDF522-84B7-45C4-BB70-338821254A32}"
EndProject
Project("{FAE04EC0-301F-11D3-BF4B-00C04F79EFBC}") = "Shared", "src\Shared\Shared.csproj", "{9C18B623-E2A4-4F50-8D4D-FA4AD7C6A9FB}"
EndProject
Project("{FAE04EC0-301F-11D3-BF4B-00C04F79EFBC}") = "Authentication", "src\Authentication\Authentication.csproj", "{D61DB44C-7489-4C06-A96B-C62E1D0BBF71}"
EndProject
Project("{FAE04EC0-301F-11D3-BF4B-00C04F79EFBC}") = "Json", "src\Json\Json.csproj", "{F1461568-89CF-4F53-9624-7147D1BF085D}"
EndProject
Project("{FAE04EC0-301F-11D3-BF4B-00C04F79EFBC}") = "TestsCommon", "tests\TestsCommon\TestsCommon.csproj", "{264A615E-14EA-49E1-9485-54BC83EDC570}"
EndProject
Project("{FAE04EC0-301F-11D3-BF4B-00C04F79EFBC}") = "Testing", "src\Testing\Testing.csproj", "{70B4121D-F4D8-41CD-9124-97BA7CCAB2DE}"
EndProject
Project("{FAE04EC0-301F-11D3-BF4B-00C04F79EFBC}") = "Http", "src\Http\Http.csproj", "{62EF45ED-B579-47D6-A6D7-3048BE9818EC}"
EndProject
Project("{FAE04EC0-301F-11D3-BF4B-00C04F79EFBC}") = "Identity.Client", "src\Identity.Client\Identity.Client.csproj", "{F2B930F4-1E1E-4D52-9216-940765099917}"
EndProject
Project("{FAE04EC0-301F-11D3-BF4B-00C04F79EFBC}") = "Queue.Contracts", "src\Queue.Contracts\Queue.Contracts.csproj", "{3406D232-2434-4899-AA80-A8B9FAC15D26}"
EndProject
Global
	GlobalSection(SolutionConfigurationPlatforms) = preSolution
		Debug|Any CPU = Debug|Any CPU
		Release|Any CPU = Release|Any CPU
	EndGlobalSection
	GlobalSection(NestedProjects) = preSolution
		{D7838714-CD42-437B-A3EF-BDF326847BA9} = {C1EDAEDF-48FF-49BD-8E8D-80341178897F}
		{7349A0D4-572A-49D2-AA27-D7329E208460} = {C1EDAEDF-48FF-49BD-8E8D-80341178897F}
		{CD69185B-571F-4A7D-BE1F-B648CCB1D552} = {52ACBFAA-6DE2-4E64-987B-4298C56509A1}
		{9C9BE352-652F-4B89-94E9-A2133E3F7EF8} = {CD69185B-571F-4A7D-BE1F-B648CCB1D552}
		{5920CCF6-162E-4362-81D7-F0A9BF7D349B} = {CD69185B-571F-4A7D-BE1F-B648CCB1D552}
		{E18C4A4F-5697-45AB-96A7-FCBC6C90CFEC} = {CD69185B-571F-4A7D-BE1F-B648CCB1D552}
		{D39798B3-20E8-4A51-B76D-359CD091CA59} = {CD69185B-571F-4A7D-BE1F-B648CCB1D552}
		{F0EB648A-148E-4668-A6BA-0DDA209910C2} = {CD69185B-571F-4A7D-BE1F-B648CCB1D552}
		{4EB7D327-6427-4360-9106-F47F1DB68E1C} = {CD69185B-571F-4A7D-BE1F-B648CCB1D552}
		{F3983919-78EA-4ACA-A93D-9B1F2530344D} = {CD69185B-571F-4A7D-BE1F-B648CCB1D552}
		{A530D1A1-5C62-4212-8A97-2DE23E391170} = {52ACBFAA-6DE2-4E64-987B-4298C56509A1}
		{BBC1A414-A783-446D-BA0D-4717CF2BC1B3} = {52ACBFAA-6DE2-4E64-987B-4298C56509A1}
		{B271B88A-71DF-46BB-A5F8-85F15BAEFF33} = {52ACBFAA-6DE2-4E64-987B-4298C56509A1}
		{9A390B5C-C84C-479F-91BC-020E987769EF} = {52ACBFAA-6DE2-4E64-987B-4298C56509A1}
		{18F9E964-1A41-447B-A4B6-B6B111D916A8} = {52ACBFAA-6DE2-4E64-987B-4298C56509A1}
		{A970E04A-0FD1-4EDB-8AC5-A1D7F62EE867} = {52ACBFAA-6DE2-4E64-987B-4298C56509A1}
		{DF61DB29-6554-405B-BCE3-8EB202A81824} = {52ACBFAA-6DE2-4E64-987B-4298C56509A1}
		{ECD76EA1-67B7-40AD-8574-648F9D3BEA47} = {CD69185B-571F-4A7D-BE1F-B648CCB1D552}
		{2F976AA6-F651-4D41-AB35-D7ACF151BF23} = {40223A0E-22C5-4390-91DC-FCC37826A86E}
		{00CCCBFD-C3E3-4324-888E-5B3C247718C6} = {CD69185B-571F-4A7D-BE1F-B648CCB1D552}
		{3DDF93B9-35D6-422A-931A-88923D7FAB34} = {CD69185B-571F-4A7D-BE1F-B648CCB1D552}
		{13EDF522-84B7-45C4-BB70-338821254A32} = {52ACBFAA-6DE2-4E64-987B-4298C56509A1}
		{9C18B623-E2A4-4F50-8D4D-FA4AD7C6A9FB} = {52ACBFAA-6DE2-4E64-987B-4298C56509A1}
		{D61DB44C-7489-4C06-A96B-C62E1D0BBF71} = {CD69185B-571F-4A7D-BE1F-B648CCB1D552}
		{F1461568-89CF-4F53-9624-7147D1BF085D} = {CD69185B-571F-4A7D-BE1F-B648CCB1D552}
		{264A615E-14EA-49E1-9485-54BC83EDC570} = {C1EDAEDF-48FF-49BD-8E8D-80341178897F}
		{70B4121D-F4D8-41CD-9124-97BA7CCAB2DE} = {CD69185B-571F-4A7D-BE1F-B648CCB1D552}
		{62EF45ED-B579-47D6-A6D7-3048BE9818EC} = {CD69185B-571F-4A7D-BE1F-B648CCB1D552}
		{F2B930F4-1E1E-4D52-9216-940765099917} = {CD69185B-571F-4A7D-BE1F-B648CCB1D552}
		{3406D232-2434-4899-AA80-A8B9FAC15D26} = {52ACBFAA-6DE2-4E64-987B-4298C56509A1}
	EndGlobalSection
	GlobalSection(ProjectConfigurationPlatforms) = postSolution
		{2F976AA6-F651-4D41-AB35-D7ACF151BF23}.Debug|Any CPU.ActiveCfg = Debug|Any CPU
		{2F976AA6-F651-4D41-AB35-D7ACF151BF23}.Release|Any CPU.ActiveCfg = Release|Any CPU
		{2F976AA6-F651-4D41-AB35-D7ACF151BF23}.Debug|Any CPU.Build.0 = Debug|Any CPU
		{D7838714-CD42-437B-A3EF-BDF326847BA9}.Debug|Any CPU.ActiveCfg = Debug|Any CPU
		{D7838714-CD42-437B-A3EF-BDF326847BA9}.Debug|Any CPU.Build.0 = Debug|Any CPU
		{D7838714-CD42-437B-A3EF-BDF326847BA9}.Release|Any CPU.ActiveCfg = Release|Any CPU
		{D7838714-CD42-437B-A3EF-BDF326847BA9}.Release|Any CPU.Build.0 = Release|Any CPU
		{7349A0D4-572A-49D2-AA27-D7329E208460}.Debug|Any CPU.ActiveCfg = Debug|Any CPU
		{7349A0D4-572A-49D2-AA27-D7329E208460}.Debug|Any CPU.Build.0 = Debug|Any CPU
		{7349A0D4-572A-49D2-AA27-D7329E208460}.Release|Any CPU.ActiveCfg = Release|Any CPU
		{7349A0D4-572A-49D2-AA27-D7329E208460}.Release|Any CPU.Build.0 = Release|Any CPU
		{9C9BE352-652F-4B89-94E9-A2133E3F7EF8}.Debug|Any CPU.ActiveCfg = Debug|Any CPU
		{9C9BE352-652F-4B89-94E9-A2133E3F7EF8}.Debug|Any CPU.Build.0 = Debug|Any CPU
		{9C9BE352-652F-4B89-94E9-A2133E3F7EF8}.Release|Any CPU.ActiveCfg = Release|Any CPU
		{9C9BE352-652F-4B89-94E9-A2133E3F7EF8}.Release|Any CPU.Build.0 = Release|Any CPU
		{5920CCF6-162E-4362-81D7-F0A9BF7D349B}.Debug|Any CPU.ActiveCfg = Debug|Any CPU
		{5920CCF6-162E-4362-81D7-F0A9BF7D349B}.Debug|Any CPU.Build.0 = Debug|Any CPU
		{5920CCF6-162E-4362-81D7-F0A9BF7D349B}.Release|Any CPU.ActiveCfg = Release|Any CPU
		{5920CCF6-162E-4362-81D7-F0A9BF7D349B}.Release|Any CPU.Build.0 = Release|Any CPU
		{E18C4A4F-5697-45AB-96A7-FCBC6C90CFEC}.Debug|Any CPU.ActiveCfg = Debug|Any CPU
		{E18C4A4F-5697-45AB-96A7-FCBC6C90CFEC}.Debug|Any CPU.Build.0 = Debug|Any CPU
		{E18C4A4F-5697-45AB-96A7-FCBC6C90CFEC}.Release|Any CPU.ActiveCfg = Release|Any CPU
		{E18C4A4F-5697-45AB-96A7-FCBC6C90CFEC}.Release|Any CPU.Build.0 = Release|Any CPU
		{D39798B3-20E8-4A51-B76D-359CD091CA59}.Debug|Any CPU.ActiveCfg = Debug|Any CPU
		{D39798B3-20E8-4A51-B76D-359CD091CA59}.Debug|Any CPU.Build.0 = Debug|Any CPU
		{D39798B3-20E8-4A51-B76D-359CD091CA59}.Release|Any CPU.ActiveCfg = Release|Any CPU
		{D39798B3-20E8-4A51-B76D-359CD091CA59}.Release|Any CPU.Build.0 = Release|Any CPU
		{F0EB648A-148E-4668-A6BA-0DDA209910C2}.Debug|Any CPU.ActiveCfg = Debug|Any CPU
		{F0EB648A-148E-4668-A6BA-0DDA209910C2}.Debug|Any CPU.Build.0 = Debug|Any CPU
		{F0EB648A-148E-4668-A6BA-0DDA209910C2}.Release|Any CPU.ActiveCfg = Release|Any CPU
		{F0EB648A-148E-4668-A6BA-0DDA209910C2}.Release|Any CPU.Build.0 = Release|Any CPU
		{4EB7D327-6427-4360-9106-F47F1DB68E1C}.Debug|Any CPU.ActiveCfg = Debug|Any CPU
		{4EB7D327-6427-4360-9106-F47F1DB68E1C}.Debug|Any CPU.Build.0 = Debug|Any CPU
		{4EB7D327-6427-4360-9106-F47F1DB68E1C}.Release|Any CPU.ActiveCfg = Release|Any CPU
		{4EB7D327-6427-4360-9106-F47F1DB68E1C}.Release|Any CPU.Build.0 = Release|Any CPU
		{F3983919-78EA-4ACA-A93D-9B1F2530344D}.Debug|Any CPU.ActiveCfg = Debug|Any CPU
		{F3983919-78EA-4ACA-A93D-9B1F2530344D}.Debug|Any CPU.Build.0 = Debug|Any CPU
		{F3983919-78EA-4ACA-A93D-9B1F2530344D}.Release|Any CPU.ActiveCfg = Release|Any CPU
		{F3983919-78EA-4ACA-A93D-9B1F2530344D}.Release|Any CPU.Build.0 = Release|Any CPU
		{A530D1A1-5C62-4212-8A97-2DE23E391170}.Debug|Any CPU.ActiveCfg = Debug|Any CPU
		{A530D1A1-5C62-4212-8A97-2DE23E391170}.Debug|Any CPU.Build.0 = Debug|Any CPU
		{A530D1A1-5C62-4212-8A97-2DE23E391170}.Release|Any CPU.ActiveCfg = Release|Any CPU
		{A530D1A1-5C62-4212-8A97-2DE23E391170}.Release|Any CPU.Build.0 = Release|Any CPU
		{BBC1A414-A783-446D-BA0D-4717CF2BC1B3}.Debug|Any CPU.ActiveCfg = Debug|Any CPU
		{BBC1A414-A783-446D-BA0D-4717CF2BC1B3}.Debug|Any CPU.Build.0 = Debug|Any CPU
		{BBC1A414-A783-446D-BA0D-4717CF2BC1B3}.Release|Any CPU.ActiveCfg = Release|Any CPU
		{BBC1A414-A783-446D-BA0D-4717CF2BC1B3}.Release|Any CPU.Build.0 = Release|Any CPU
		{B271B88A-71DF-46BB-A5F8-85F15BAEFF33}.Debug|Any CPU.ActiveCfg = Debug|Any CPU
		{B271B88A-71DF-46BB-A5F8-85F15BAEFF33}.Debug|Any CPU.Build.0 = Debug|Any CPU
		{B271B88A-71DF-46BB-A5F8-85F15BAEFF33}.Release|Any CPU.ActiveCfg = Release|Any CPU
		{B271B88A-71DF-46BB-A5F8-85F15BAEFF33}.Release|Any CPU.Build.0 = Release|Any CPU
		{9A390B5C-C84C-479F-91BC-020E987769EF}.Debug|Any CPU.ActiveCfg = Debug|Any CPU
		{9A390B5C-C84C-479F-91BC-020E987769EF}.Debug|Any CPU.Build.0 = Debug|Any CPU
		{9A390B5C-C84C-479F-91BC-020E987769EF}.Release|Any CPU.ActiveCfg = Release|Any CPU
		{9A390B5C-C84C-479F-91BC-020E987769EF}.Release|Any CPU.Build.0 = Release|Any CPU
		{18F9E964-1A41-447B-A4B6-B6B111D916A8}.Debug|Any CPU.ActiveCfg = Debug|Any CPU
		{18F9E964-1A41-447B-A4B6-B6B111D916A8}.Debug|Any CPU.Build.0 = Debug|Any CPU
		{18F9E964-1A41-447B-A4B6-B6B111D916A8}.Release|Any CPU.ActiveCfg = Release|Any CPU
		{18F9E964-1A41-447B-A4B6-B6B111D916A8}.Release|Any CPU.Build.0 = Release|Any CPU
		{A970E04A-0FD1-4EDB-8AC5-A1D7F62EE867}.Debug|Any CPU.ActiveCfg = Debug|Any CPU
		{A970E04A-0FD1-4EDB-8AC5-A1D7F62EE867}.Debug|Any CPU.Build.0 = Debug|Any CPU
		{A970E04A-0FD1-4EDB-8AC5-A1D7F62EE867}.Release|Any CPU.ActiveCfg = Release|Any CPU
		{A970E04A-0FD1-4EDB-8AC5-A1D7F62EE867}.Release|Any CPU.Build.0 = Release|Any CPU
		{DF61DB29-6554-405B-BCE3-8EB202A81824}.Debug|Any CPU.ActiveCfg = Debug|Any CPU
		{DF61DB29-6554-405B-BCE3-8EB202A81824}.Debug|Any CPU.Build.0 = Debug|Any CPU
		{DF61DB29-6554-405B-BCE3-8EB202A81824}.Release|Any CPU.ActiveCfg = Release|Any CPU
		{DF61DB29-6554-405B-BCE3-8EB202A81824}.Release|Any CPU.Build.0 = Release|Any CPU
		{ECD76EA1-67B7-40AD-8574-648F9D3BEA47}.Debug|Any CPU.ActiveCfg = Debug|Any CPU
		{ECD76EA1-67B7-40AD-8574-648F9D3BEA47}.Debug|Any CPU.Build.0 = Debug|Any CPU
		{ECD76EA1-67B7-40AD-8574-648F9D3BEA47}.Release|Any CPU.ActiveCfg = Release|Any CPU
		{ECD76EA1-67B7-40AD-8574-648F9D3BEA47}.Release|Any CPU.Build.0 = Release|Any CPU
		{00CCCBFD-C3E3-4324-888E-5B3C247718C6}.Debug|Any CPU.ActiveCfg = Debug|Any CPU
		{00CCCBFD-C3E3-4324-888E-5B3C247718C6}.Debug|Any CPU.Build.0 = Debug|Any CPU
		{00CCCBFD-C3E3-4324-888E-5B3C247718C6}.Release|Any CPU.ActiveCfg = Release|Any CPU
		{00CCCBFD-C3E3-4324-888E-5B3C247718C6}.Release|Any CPU.Build.0 = Release|Any CPU
		{3DDF93B9-35D6-422A-931A-88923D7FAB34}.Debug|Any CPU.ActiveCfg = Debug|Any CPU
		{3DDF93B9-35D6-422A-931A-88923D7FAB34}.Debug|Any CPU.Build.0 = Debug|Any CPU
		{3DDF93B9-35D6-422A-931A-88923D7FAB34}.Release|Any CPU.ActiveCfg = Release|Any CPU
		{3DDF93B9-35D6-422A-931A-88923D7FAB34}.Release|Any CPU.Build.0 = Release|Any CPU
		{13EDF522-84B7-45C4-BB70-338821254A32}.Debug|Any CPU.ActiveCfg = Debug|Any CPU
		{13EDF522-84B7-45C4-BB70-338821254A32}.Debug|Any CPU.Build.0 = Debug|Any CPU
		{13EDF522-84B7-45C4-BB70-338821254A32}.Release|Any CPU.ActiveCfg = Release|Any CPU
		{13EDF522-84B7-45C4-BB70-338821254A32}.Release|Any CPU.Build.0 = Release|Any CPU
		{9C18B623-E2A4-4F50-8D4D-FA4AD7C6A9FB}.Debug|Any CPU.ActiveCfg = Debug|Any CPU
		{9C18B623-E2A4-4F50-8D4D-FA4AD7C6A9FB}.Debug|Any CPU.Build.0 = Debug|Any CPU
		{9C18B623-E2A4-4F50-8D4D-FA4AD7C6A9FB}.Release|Any CPU.ActiveCfg = Release|Any CPU
		{9C18B623-E2A4-4F50-8D4D-FA4AD7C6A9FB}.Release|Any CPU.Build.0 = Release|Any CPU
		{D61DB44C-7489-4C06-A96B-C62E1D0BBF71}.Debug|Any CPU.ActiveCfg = Debug|Any CPU
		{D61DB44C-7489-4C06-A96B-C62E1D0BBF71}.Debug|Any CPU.Build.0 = Debug|Any CPU
		{D61DB44C-7489-4C06-A96B-C62E1D0BBF71}.Release|Any CPU.ActiveCfg = Release|Any CPU
		{D61DB44C-7489-4C06-A96B-C62E1D0BBF71}.Release|Any CPU.Build.0 = Release|Any CPU
		{F1461568-89CF-4F53-9624-7147D1BF085D}.Debug|Any CPU.ActiveCfg = Debug|Any CPU
		{F1461568-89CF-4F53-9624-7147D1BF085D}.Debug|Any CPU.Build.0 = Debug|Any CPU
		{F1461568-89CF-4F53-9624-7147D1BF085D}.Release|Any CPU.ActiveCfg = Release|Any CPU
		{F1461568-89CF-4F53-9624-7147D1BF085D}.Release|Any CPU.Build.0 = Release|Any CPU
		{264A615E-14EA-49E1-9485-54BC83EDC570}.Debug|Any CPU.ActiveCfg = Debug|Any CPU
		{264A615E-14EA-49E1-9485-54BC83EDC570}.Debug|Any CPU.Build.0 = Debug|Any CPU
		{264A615E-14EA-49E1-9485-54BC83EDC570}.Release|Any CPU.ActiveCfg = Release|Any CPU
		{264A615E-14EA-49E1-9485-54BC83EDC570}.Release|Any CPU.Build.0 = Release|Any CPU
		{70B4121D-F4D8-41CD-9124-97BA7CCAB2DE}.Debug|Any CPU.ActiveCfg = Debug|Any CPU
		{70B4121D-F4D8-41CD-9124-97BA7CCAB2DE}.Debug|Any CPU.Build.0 = Debug|Any CPU
		{70B4121D-F4D8-41CD-9124-97BA7CCAB2DE}.Release|Any CPU.ActiveCfg = Release|Any CPU
		{70B4121D-F4D8-41CD-9124-97BA7CCAB2DE}.Release|Any CPU.Build.0 = Release|Any CPU
		{62EF45ED-B579-47D6-A6D7-3048BE9818EC}.Debug|Any CPU.ActiveCfg = Debug|Any CPU
		{62EF45ED-B579-47D6-A6D7-3048BE9818EC}.Debug|Any CPU.Build.0 = Debug|Any CPU
		{62EF45ED-B579-47D6-A6D7-3048BE9818EC}.Release|Any CPU.ActiveCfg = Release|Any CPU
		{62EF45ED-B579-47D6-A6D7-3048BE9818EC}.Release|Any CPU.Build.0 = Release|Any CPU
		{F2B930F4-1E1E-4D52-9216-940765099917}.Debug|Any CPU.ActiveCfg = Debug|Any CPU
		{F2B930F4-1E1E-4D52-9216-940765099917}.Debug|Any CPU.Build.0 = Debug|Any CPU
		{F2B930F4-1E1E-4D52-9216-940765099917}.Release|Any CPU.ActiveCfg = Release|Any CPU
		{F2B930F4-1E1E-4D52-9216-940765099917}.Release|Any CPU.Build.0 = Release|Any CPU
		{3406D232-2434-4899-AA80-A8B9FAC15D26}.Debug|Any CPU.ActiveCfg = Debug|Any CPU
		{3406D232-2434-4899-AA80-A8B9FAC15D26}.Debug|Any CPU.Build.0 = Debug|Any CPU
		{3406D232-2434-4899-AA80-A8B9FAC15D26}.Release|Any CPU.ActiveCfg = Release|Any CPU
		{3406D232-2434-4899-AA80-A8B9FAC15D26}.Release|Any CPU.Build.0 = Release|Any CPU
	EndGlobalSection
EndGlobal
