
Microsoft Visual Studio Solution File, Format Version 12.00
Project("{FAE04EC0-301F-11D3-BF4B-00C04F79EFBC}") = "Linq2Db.Postgres", "Linq2Db.Postgres\Linq2Db.Postgres.csproj", "{2F33B225-B2F7-42B9-BE74-A4CA64B45518}"
EndProject
Global
	GlobalSection(SolutionConfigurationPlatforms) = preSolution
		Debug|Any CPU = Debug|Any CPU
		Release|Any CPU = Release|Any CPU
	EndGlobalSection
	GlobalSection(ProjectConfigurationPlatforms) = postSolution
		{2F33B225-B2F7-42B9-BE74-A4CA64B45518}.Debug|Any CPU.ActiveCfg = Debug|Any CPU
		{2F33B225-B2F7-42B9-BE74-A4CA64B45518}.Debug|Any CPU.Build.0 = Debug|Any CPU
		{2F33B225-B2F7-42B9-BE74-A4CA64B45518}.Release|Any CPU.ActiveCfg = Release|Any CPU
		{2F33B225-B2F7-42B9-BE74-A4CA64B45518}.Release|Any CPU.Build.0 = Release|Any CPU
	EndGlobalSection
EndGlobal
